PODS:
  - AFNetworking (2.5.0):
    - AFNetworking/NSURLConnection (= 2.5.0)
    - AFNetworking/NSURLSession (= 2.5.0)
    - AFNetworking/Reachability (= 2.5.0)
    - AFNetworking/Security (= 2.5.0)
    - AFNetworking/Serialization (= 2.5.0)
    - AFNetworking/UIKit (= 2.5.0)
  - AFNetworking/NSURLConnection (2.5.0):
    - AFNetworking/Reachability
    - AFNetworking/Security
    - AFNetworking/Serialization
  - AFNetworking/NSURLSession (2.5.0):
    - AFNetworking/Reachability
    - AFNetworking/Security
    - AFNetworking/Serialization
  - AFNetworking/Reachability (2.5.0)
  - AFNetworking/Security (2.5.0)
  - AFNetworking/Serialization (2.5.0)
  - AFNetworking/UIKit (2.5.0):
    - AFNetworking/NSURLConnection
    - AFNetworking/NSURLSession
  - "MWFeedParser/NSString+HTML (1.0.1)"
  - SDWebImage (3.7.1):
    - SDWebImage/Core (= 3.7.1)
  - SDWebImage/Core (3.7.1)
  - SVPullToRefresh (0.4.1)

DEPENDENCIES:
  - AFNetworking
  - "MWFeedParser/NSString+HTML"
  - SDWebImage
  - SVPullToRefresh

SPEC REPOS:
  https://github.com/CocoaPods/Specs.git:
    - AFNetworking
    - MWFeedParser
    - SDWebImage
    - SVPullToRefresh

SPEC CHECKSUMS:
  AFNetworking: 96ac9bf3eda33582701cb1fcc5b896aa1e20311e
  MWFeedParser: 2cf646014c1baf6ad1b08c480b40a08180079247
  SDWebImage: ed3095af2ff88b436426037444979b917f6c5575
  SVPullToRefresh: ba2e718695a43253d8bea6852d2960097dc15d8c

PODFILE CHECKSUM: eb61172af35d7c19848ae8dc1fe5f34308c5864a

COCOAPODS: 1.5.0
